
Microsoft Visual Studio Solution File, Format Version 12.00
# Visual Studio Version 17
VisualStudioVersion = 17.4.33213.308
MinimumVisualStudioVersion = 10.0.40219.1
Project("{9A19103F-16F7-4668-BE54-9A1E7A4F7556}") = "BlazorUI", "BlazorUI\BlazorUI.csproj", "{4F61E15B-D392-4977-B8D1-6A6397B651FE}"
EndProject
Project("{9A19103F-16F7-4668-BE54-9A1E7A4F7556}") = "DemoLibrary", "DemoLibrary\DemoLibrary.csproj", "{0AFB76BC-FD55-49D1-BFE7-6F4E7BECC567}"
EndProject
Project("{FAE04EC0-301F-11D3-BF4B-00C04F79EFBC}") = "DemoApi", "DemoApi\DemoApi.csproj", "{48413374-CB7F-4ED2-A637-FC2DDB5D1F84}"
EndProject
Global
	GlobalSection(SolutionConfigurationPlatforms) = preSolution
		Debug|Any CPU = Debug|Any CPU
		Release|Any CPU = Release|Any CPU
	EndGlobalSection
	GlobalSection(ProjectConfigurationPlatforms) = postSolution
		{4F61E15B-D392-4977-B8D1-6A6397B651FE}.Debug|Any CPU.ActiveCfg = Debug|Any CPU
		{4F61E15B-D392-4977-B8D1-6A6397B651FE}.Debug|Any CPU.Build.0 = Debug|Any CPU
		{4F61E15B-D392-4977-B8D1-6A6397B651FE}.Release|Any CPU.ActiveCfg = Release|Any CPU
		{4F61E15B-D392-4977-B8D1-6A6397B651FE}.Release|Any CPU.Build.0 = Release|Any CPU
		{0AFB76BC-FD55-49D1-BFE7-6F4E7BECC567}.Debug|Any CPU.ActiveCfg = Debug|Any CPU
		{0AFB76BC-FD55-49D1-BFE7-6F4E7BECC567}.Debug|Any CPU.Build.0 = Debug|Any CPU
		{0AFB76BC-FD55-49D1-BFE7-6F4E7BECC567}.Release|Any CPU.ActiveCfg = Release|Any CPU
		{0AFB76BC-FD55-49D1-BFE7-6F4E7BECC567}.Release|Any CPU.Build.0 = Release|Any CPU
		{48413374-CB7F-4ED2-A637-FC2DDB5D1F84}.Debug|Any CPU.ActiveCfg = Debug|Any CPU
		{48413374-CB7F-4ED2-A637-FC2DDB5D1F84}.Debug|Any CPU.Build.0 = Debug|Any CPU
		{48413374-CB7F-4ED2-A637-FC2DDB5D1F84}.Release|Any CPU.ActiveCfg = Release|Any CPU
		{48413374-CB7F-4ED2-A637-FC2DDB5D1F84}.Release|Any CPU.Build.0 = Release|Any CPU
	EndGlobalSection
	GlobalSection(SolutionProperties) = preSolution
		HideSolutionNode = FALSE
	EndGlobalSection
	GlobalSection(ExtensibilityGlobals) = postSolution
		SolutionGuid = {1F36B707-BD93-47E0-8D49-16A012BC6925}
	EndGlobalSection
EndGlobal
